
Microsoft Visual Studio Solution File, Format Version 12.00
# Visual Studio Version 16
VisualStudioVersion = 16.0.29613.14
MinimumVisualStudioVersion = 10.0.40219.1
Project("{8BC9CEB8-8B4A-11D0-8D11-00A0C91BC942}") = "소리_파일_저장용량_계산하기", "소리_파일_저장용량_계산하기.vcxproj", "{45AAAB27-CBB0-4872-91CE-DE317625FC9C}"
EndProject
Global
	GlobalSection(SolutionConfigurationPlatforms) = preSolution
		Debug|x64 = Debug|x64
		Debug|x86 = Debug|x86
		Release|x64 = Release|x64
		Release|x86 = Release|x86
	EndGlobalSection
	GlobalSection(ProjectConfigurationPlatforms) = postSolution
		{45AAAB27-CBB0-4872-91CE-DE317625FC9C}.Debug|x64.ActiveCfg = Debug|x64
		{45AAAB27-CBB0-4872-91CE-DE317625FC9C}.Debug|x64.Build.0 = Debug|x64
		{45AAAB27-CBB0-4872-91CE-DE317625FC9C}.Debug|x86.ActiveCfg = Debug|Win32
		{45AAAB27-CBB0-4872-91CE-DE317625FC9C}.Debug|x86.Build.0 = Debug|Win32
		{45AAAB27-CBB0-4872-91CE-DE317625FC9C}.Release|x64.ActiveCfg = Release|x64
		{45AAAB27-CBB0-4872-91CE-DE317625FC9C}.Release|x64.Build.0 = Release|x64
		{45AAAB27-CBB0-4872-91CE-DE317625FC9C}.Release|x86.ActiveCfg = Release|Win32
		{45AAAB27-CBB0-4872-91CE-DE317625FC9C}.Release|x86.Build.0 = Release|Win32
	EndGlobalSection
	GlobalSection(SolutionProperties) = preSolution
		HideSolutionNode = FALSE
	EndGlobalSection
	GlobalSection(ExtensibilityGlobals) = postSolution
		SolutionGuid = {6EF242CF-4857-4151-A7F1-E6E552E435DB}
	EndGlobalSection
EndGlobal
