
Microsoft Visual Studio Solution File, Format Version 12.00
# Visual Studio Version 16
VisualStudioVersion = 16.0.29613.14
MinimumVisualStudioVersion = 10.0.40219.1
Project("{8BC9CEB8-8B4A-11D0-8D11-00A0C91BC942}") = "If_Else", "If_Else.vcxproj", "{97D0EB3E-69E6-476D-AAC1-BEEB4C3C8E8C}"
EndProject
Global
	GlobalSection(SolutionConfigurationPlatforms) = preSolution
		Debug|x64 = Debug|x64
		Debug|x86 = Debug|x86
		Release|x64 = Release|x64
		Release|x86 = Release|x86
	EndGlobalSection
	GlobalSection(ProjectConfigurationPlatforms) = postSolution
		{97D0EB3E-69E6-476D-AAC1-BEEB4C3C8E8C}.Debug|x64.ActiveCfg = Debug|x64
		{97D0EB3E-69E6-476D-AAC1-BEEB4C3C8E8C}.Debug|x64.Build.0 = Debug|x64
		{97D0EB3E-69E6-476D-AAC1-BEEB4C3C8E8C}.Debug|x86.ActiveCfg = Debug|Win32
		{97D0EB3E-69E6-476D-AAC1-BEEB4C3C8E8C}.Debug|x86.Build.0 = Debug|Win32
		{97D0EB3E-69E6-476D-AAC1-BEEB4C3C8E8C}.Release|x64.ActiveCfg = Release|x64
		{97D0EB3E-69E6-476D-AAC1-BEEB4C3C8E8C}.Release|x64.Build.0 = Release|x64
		{97D0EB3E-69E6-476D-AAC1-BEEB4C3C8E8C}.Release|x86.ActiveCfg = Release|Win32
		{97D0EB3E-69E6-476D-AAC1-BEEB4C3C8E8C}.Release|x86.Build.0 = Release|Win32
	EndGlobalSection
	GlobalSection(SolutionProperties) = preSolution
		HideSolutionNode = FALSE
	EndGlobalSection
	GlobalSection(ExtensibilityGlobals) = postSolution
		SolutionGuid = {CDDC74E2-499D-48B1-951A-520EE38AA044}
	EndGlobalSection
EndGlobal
