
Microsoft Visual Studio Solution File, Format Version 12.00
# Visual Studio Version 16
VisualStudioVersion = 16.0.29613.14
MinimumVisualStudioVersion = 10.0.40219.1
Project("{8BC9CEB8-8B4A-11D0-8D11-00A0C91BC942}") = "기초-비트단위논리연산", "기초-비트단위논리연산.vcxproj", "{305EFD45-5885-47A2-973C-497536227BE0}"
EndProject
Global
	GlobalSection(SolutionConfigurationPlatforms) = preSolution
		Debug|x64 = Debug|x64
		Debug|x86 = Debug|x86
		Release|x64 = Release|x64
		Release|x86 = Release|x86
	EndGlobalSection
	GlobalSection(ProjectConfigurationPlatforms) = postSolution
		{305EFD45-5885-47A2-973C-497536227BE0}.Debug|x64.ActiveCfg = Debug|x64
		{305EFD45-5885-47A2-973C-497536227BE0}.Debug|x64.Build.0 = Debug|x64
		{305EFD45-5885-47A2-973C-497536227BE0}.Debug|x86.ActiveCfg = Debug|Win32
		{305EFD45-5885-47A2-973C-497536227BE0}.Debug|x86.Build.0 = Debug|Win32
		{305EFD45-5885-47A2-973C-497536227BE0}.Release|x64.ActiveCfg = Release|x64
		{305EFD45-5885-47A2-973C-497536227BE0}.Release|x64.Build.0 = Release|x64
		{305EFD45-5885-47A2-973C-497536227BE0}.Release|x86.ActiveCfg = Release|Win32
		{305EFD45-5885-47A2-973C-497536227BE0}.Release|x86.Build.0 = Release|Win32
	EndGlobalSection
	GlobalSection(SolutionProperties) = preSolution
		HideSolutionNode = FALSE
	EndGlobalSection
	GlobalSection(ExtensibilityGlobals) = postSolution
		SolutionGuid = {9DBEC190-7AF2-4E5D-A016-37414A10E20E}
	EndGlobalSection
EndGlobal
